PODS:
  - FloatingPanel (2.3.0)
  - SDWebImage (5.10.4):
    - SDWebImage/Core (= 5.10.4)
  - SDWebImage/Core (5.10.4)

DEPENDENCIES:
  - FloatingPanel
  - SDWebImage

SPEC REPOS:
  trunk:
    - FloatingPanel
    - SDWebImage

SPEC CHECKSUMS:
  FloatingPanel: 373478513a197cf140abd219ca9a9c049967332b
  SDWebImage: c666b97e1fa9c64b4909816a903322018f0a9c84

PODFILE CHECKSUM: 7054d612e79b3dda52d517111a49bd74faede0f5

COCOAPODS: 1.9.1
