// !$*UTF8*$!
{
	archiveVersion = 1;
	classes = {
	};
	objectVersion = 51;
	objects = {

/* Begin PBXBuildFile section */
		677C464526AD184A00954DD9 /* AppDelegate.swift in Sources */ = {isa = PBXBuildFile; fileRef = 677C464426AD184A00954DD9 /* AppDelegate.swift */; };
		677C464726AD184A00954DD9 /* SceneDelegate.swift in Sources */ = {isa = PBXBuildFile; fileRef = 677C464626AD184A00954DD9 /* SceneDelegate.swift */; };
		677C464926AD184A00954DD9 /* WatchListViewController.swift in Sources */ = {isa = PBXBuildFile; fileRef = 677C464826AD184A00954DD9 /* WatchListViewController.swift */; };
		677C464E26AD184B00954DD9 /* Assets.xcassets in Resources */ = {isa = PBXBuildFile; fileRef = 677C464D26AD184B00954DD9 /* Assets.xcassets */; };
		677C465126AD184B00954DD9 /* LaunchScreen.storyboard in Resources */ = {isa = PBXBuildFile; fileRef = 677C464F26AD184B00954DD9 /* LaunchScreen.storyboard */; };
		677C465E26AD199600954DD9 /* NewsViewController.swift in Sources */ = {isa = PBXBuildFile; fileRef = 677C465D26AD199600954DD9 /* NewsViewController.swift */; };
		677C466026AD19A500954DD9 /* SearchResultsViewController.swift in Sources */ = {isa = PBXBuildFile; fileRef = 677C465F26AD19A500954DD9 /* SearchResultsViewController.swift */; };
		677C466226AD19BD00954DD9 /* StockDetailsViewController.swift in Sources */ = {isa = PBXBuildFile; fileRef = 677C466126AD19BD00954DD9 /* StockDetailsViewController.swift */; };
		6797958926F52B6900A73897 /* FinancialMetricsResponse.swift in Sources */ = {isa = PBXBuildFile; fileRef = 6797958826F52B6900A73897 /* FinancialMetricsResponse.swift */; };
		6797958B26F53B9C00A73897 /* StockDetailHeaderView.swift in Sources */ = {isa = PBXBuildFile; fileRef = 6797958A26F53B9C00A73897 /* StockDetailHeaderView.swift */; };
		6797958D26F931AF00A73897 /* MetricCollectionViewCell.swift in Sources */ = {isa = PBXBuildFile; fileRef = 6797958C26F931AF00A73897 /* MetricCollectionViewCell.swift */; };
		67A9D0DA26AE76FF00B6CBA2 /* APICaller.swift in Sources */ = {isa = PBXBuildFile; fileRef = 67A9D0D926AE76FF00B6CBA2 /* APICaller.swift */; };
		67A9D0DC26AE774800B6CBA2 /* PersistenceManager.swift in Sources */ = {isa = PBXBuildFile; fileRef = 67A9D0DB26AE774800B6CBA2 /* PersistenceManager.swift */; };
		67A9D0DE26AE778B00B6CBA2 /* HapticsManager.swift in Sources */ = {isa = PBXBuildFile; fileRef = 67A9D0DD26AE778B00B6CBA2 /* HapticsManager.swift */; };
		67BF0EC826DDD24B005C5BE4 /* WatchListTableViewCell.swift in Sources */ = {isa = PBXBuildFile; fileRef = 67BF0EC726DDD24B005C5BE4 /* WatchListTableViewCell.swift */; };
		67BF0ECA26DDD5F0005C5BE4 /* StockChartView.swift in Sources */ = {isa = PBXBuildFile; fileRef = 67BF0EC926DDD5F0005C5BE4 /* StockChartView.swift */; };
		67D4C6C226C1855400186786 /* Extensions.swift in Sources */ = {isa = PBXBuildFile; fileRef = 67D4C6C126C1855400186786 /* Extensions.swift */; };
		67D4C6C426C1BA3800186786 /* SearchResultTableViewCell.swift in Sources */ = {isa = PBXBuildFile; fileRef = 67D4C6C326C1BA3800186786 /* SearchResultTableViewCell.swift */; };
		67D4C6C626C331A900186786 /* SearchResonse.swift in Sources */ = {isa = PBXBuildFile; fileRef = 67D4C6C526C331A900186786 /* SearchResonse.swift */; };
		67D7F43726D0663300A2FBF6 /* NewsHeaderView.swift in Sources */ = {isa = PBXBuildFile; fileRef = 67D7F43626D0663300A2FBF6 /* NewsHeaderView.swift */; };
		67D7F43926D3522800A2FBF6 /* NewsStory.swift in Sources */ = {isa = PBXBuildFile; fileRef = 67D7F43826D3522800A2FBF6 /* NewsStory.swift */; };
		67D7F43B26D5597A00A2FBF6 /* NewsStoryTableViewCell.swift in Sources */ = {isa = PBXBuildFile; fileRef = 67D7F43A26D5597A00A2FBF6 /* NewsStoryTableViewCell.swift */; };
		67D7F43D26D8A8EE00A2FBF6 /* MarketDataResponse.swift in Sources */ = {isa = PBXBuildFile; fileRef = 67D7F43C26D8A8EE00A2FBF6 /* MarketDataResponse.swift */; };
		81AAC0589752EA79AF1931CC /* Pods_Stocks.framework in Frameworks */ = {isa = PBXBuildFile; fileRef = 102F1EBA3A87700C6DBA3E56 /* Pods_Stocks.framework */; };
/* End PBXBuildFile section */

/* Begin PBXFileReference section */
		102F1EBA3A87700C6DBA3E56 /* Pods_Stocks.framework */ = {isa = PBXFileReference; explicitFileType = wrapper.framework; includeInIndex = 0; path = Pods_Stocks.framework; sourceTree = BUILT_PRODUCTS_DIR; };
		677C464126AD184A00954DD9 /* Stocks.app */ = {isa = PBXFileReference; explicitFileType = wrapper.application; includeInIndex = 0; path = Stocks.app; sourceTree = BUILT_PRODUCTS_DIR; };
		677C464426AD184A00954DD9 /* AppDelegate.swift */ = {isa = PBXFileReference; lastKnownFileType = sourcecode.swift; path = AppDelegate.swift; sourceTree = "<group>"; };
		677C464626AD184A00954DD9 /* SceneDelegate.swift */ = {isa = PBXFileReference; lastKnownFileType = sourcecode.swift; path = SceneDelegate.swift; sourceTree = "<group>"; };
		677C464826AD184A00954DD9 /* WatchListViewController.swift */ = {isa = PBXFileReference; lastKnownFileType = sourcecode.swift; path = WatchListViewController.swift; sourceTree = "<group>"; };
		677C464D26AD184B00954DD9 /* Assets.xcassets */ = {isa = PBXFileReference; lastKnownFileType = folder.assetcatalog; path = Assets.xcassets; sourceTree = "<group>"; };
		677C465026AD184B00954DD9 /* Base */ = {isa = PBXFileReference; lastKnownFileType = file.storyboard; name = Base; path = Base.lproj/LaunchScreen.storyboard; sourceTree = "<group>"; };
		677C465226AD184B00954DD9 /* Info.plist */ = {isa = PBXFileReference; lastKnownFileType = text.plist.xml; path = Info.plist; sourceTree = "<group>"; };
		677C465D26AD199600954DD9 /* NewsViewController.swift */ = {isa = PBXFileReference; lastKnownFileType = sourcecode.swift; path = NewsViewController.swift; sourceTree = "<group>"; };
		677C465F26AD19A500954DD9 /* SearchResultsViewController.swift */ = {isa = PBXFileReference; lastKnownFileType = sourcecode.swift; path = SearchResultsViewController.swift; sourceTree = "<group>"; };
		677C466126AD19BD00954DD9 /* StockDetailsViewController.swift */ = {isa = PBXFileReference; lastKnownFileType = sourcecode.swift; path = StockDetailsViewController.swift; sourceTree = "<group>"; };
		6797958826F52B6900A73897 /* FinancialMetricsResponse.swift */ = {isa = PBXFileReference; lastKnownFileType = sourcecode.swift; path = FinancialMetricsResponse.swift; sourceTree = "<group>"; };
		6797958A26F53B9C00A73897 /* StockDetailHeaderView.swift */ = {isa = PBXFileReference; lastKnownFileType = sourcecode.swift; path = StockDetailHeaderView.swift; sourceTree = "<group>"; };
		6797958C26F931AF00A73897 /* MetricCollectionViewCell.swift */ = {isa = PBXFileReference; lastKnownFileType = sourcecode.swift; path = MetricCollectionViewCell.swift; sourceTree = "<group>"; };
		67A9D0D926AE76FF00B6CBA2 /* APICaller.swift */ = {isa = PBXFileReference; lastKnownFileType = sourcecode.swift; path = APICaller.swift; sourceTree = "<group>"; };
		67A9D0DB26AE774800B6CBA2 /* PersistenceManager.swift */ = {isa = PBXFileReference; lastKnownFileType = sourcecode.swift; path = PersistenceManager.swift; sourceTree = "<group>"; };
		67A9D0DD26AE778B00B6CBA2 /* HapticsManager.swift */ = {isa = PBXFileReference; lastKnownFileType = sourcecode.swift; path = HapticsManager.swift; sourceTree = "<group>"; };
		67BF0EC726DDD24B005C5BE4 /* WatchListTableViewCell.swift */ = {isa = PBXFileReference; lastKnownFileType = sourcecode.swift; path = WatchListTableViewCell.swift; sourceTree = "<group>"; };
		67BF0EC926DDD5F0005C5BE4 /* StockChartView.swift */ = {isa = PBXFileReference; lastKnownFileType = sourcecode.swift; path = StockChartView.swift; sourceTree = "<group>"; };
		67D4C6C126C1855400186786 /* Extensions.swift */ = {isa = PBXFileReference; lastKnownFileType = sourcecode.swift; path = Extensions.swift; sourceTree = "<group>"; };
		67D4C6C326C1BA3800186786 /* SearchResultTableViewCell.swift */ = {isa = PBXFileReference; lastKnownFileType = sourcecode.swift; path = SearchResultTableViewCell.swift; sourceTree = "<group>"; };
		67D4C6C526C331A900186786 /* SearchResonse.swift */ = {isa = PBXFileReference; lastKnownFileType = sourcecode.swift; path = SearchResonse.swift; sourceTree = "<group>"; };
		67D7F43626D0663300A2FBF6 /* NewsHeaderView.swift */ = {isa = PBXFileReference; lastKnownFileType = sourcecode.swift; path = NewsHeaderView.swift; sourceTree = "<group>"; };
		67D7F43826D3522800A2FBF6 /* NewsStory.swift */ = {isa = PBXFileReference; lastKnownFileType = sourcecode.swift; path = NewsStory.swift; sourceTree = "<group>"; };
		67D7F43A26D5597A00A2FBF6 /* NewsStoryTableViewCell.swift */ = {isa = PBXFileReference; lastKnownFileType = sourcecode.swift; path = NewsStoryTableViewCell.swift; sourceTree = "<group>"; };
		67D7F43C26D8A8EE00A2FBF6 /* MarketDataResponse.swift */ = {isa = PBXFileReference; lastKnownFileType = sourcecode.swift; path = MarketDataResponse.swift; sourceTree = "<group>"; };
		8C335262C26E01776416242A /* Pods-Stocks.release.xcconfig */ = {isa = PBXFileReference; includeInIndex = 1; lastKnownFileType = text.xcconfig; name = "Pods-Stocks.release.xcconfig"; path = "Target Support Files/Pods-Stocks/Pods-Stocks.release.xcconfig"; sourceTree = "<group>"; };
		E222A3BBD89E114CB7024D4C /* Pods-Stocks.debug.xcconfig */ = {isa = PBXFileReference; includeInIndex = 1; lastKnownFileType = text.xcconfig; name = "Pods-Stocks.debug.xcconfig"; path = "Target Support Files/Pods-Stocks/Pods-Stocks.debug.xcconfig"; sourceTree = "<group>"; };
/* End PBXFileReference section */

/* Begin PBXFrameworksBuildPhase section */
		677C463E26AD184A00954DD9 /* Frameworks */ = {
			isa = PBXFrameworksBuildPhase;
			buildActionMask = 2147483647;
			files = (
				81AAC0589752EA79AF1931CC /* Pods_Stocks.framework in Frameworks */,
			);
			runOnlyForDeploymentPostprocessing = 0;
		};
/* End PBXFrameworksBuildPhase section */

/* Begin PBXGroup section */
		0EA5BF8081C0842A08BB9E89 /* Pods */ = {
			isa = PBXGroup;
			children = (
				E222A3BBD89E114CB7024D4C /* Pods-Stocks.debug.xcconfig */,
				8C335262C26E01776416242A /* Pods-Stocks.release.xcconfig */,
			);
			path = Pods;
			sourceTree = "<group>";
		};
		677C463826AD184A00954DD9 = {
			isa = PBXGroup;
			children = (
				677C464326AD184A00954DD9 /* Stocks */,
				677C464226AD184A00954DD9 /* Products */,
				0EA5BF8081C0842A08BB9E89 /* Pods */,
				F05FE2D3990613F667AB19B4 /* Frameworks */,
			);
			sourceTree = "<group>";
		};
		677C464226AD184A00954DD9 /* Products */ = {
			isa = PBXGroup;
			children = (
				677C464126AD184A00954DD9 /* Stocks.app */,
			);
			name = Products;
			sourceTree = "<group>";
		};
		677C464326AD184A00954DD9 /* Stocks */ = {
			isa = PBXGroup;
			children = (
				677C465C26AD18C700954DD9 /* Other */,
				677C465B26AD18BD00954DD9 /* Managers */,
				677C465A26AD189E00954DD9 /* Controllers */,
				677C465926AD189800954DD9 /* Views */,
				677C465826AD189200954DD9 /* Models */,
				677C465226AD184B00954DD9 /* Info.plist */,
			);
			path = Stocks;
			sourceTree = "<group>";
		};
		677C465826AD189200954DD9 /* Models */ = {
			isa = PBXGroup;
			children = (
				67D4C6C526C331A900186786 /* SearchResonse.swift */,
				67D7F43826D3522800A2FBF6 /* NewsStory.swift */,
				67D7F43C26D8A8EE00A2FBF6 /* MarketDataResponse.swift */,
				6797958826F52B6900A73897 /* FinancialMetricsResponse.swift */,
			);
			path = Models;
			sourceTree = "<group>";
		};
		677C465926AD189800954DD9 /* Views */ = {
			isa = PBXGroup;
			children = (
				677C464F26AD184B00954DD9 /* LaunchScreen.storyboard */,
				67D4C6C326C1BA3800186786 /* SearchResultTableViewCell.swift */,
				67D7F43626D0663300A2FBF6 /* NewsHeaderView.swift */,
				67D7F43A26D5597A00A2FBF6 /* NewsStoryTableViewCell.swift */,
				67BF0EC726DDD24B005C5BE4 /* WatchListTableViewCell.swift */,
				67BF0EC926DDD5F0005C5BE4 /* StockChartView.swift */,
				6797958A26F53B9C00A73897 /* StockDetailHeaderView.swift */,
				6797958C26F931AF00A73897 /* MetricCollectionViewCell.swift */,
			);
			path = Views;
			sourceTree = "<group>";
		};
		677C465A26AD189E00954DD9 /* Controllers */ = {
			isa = PBXGroup;
			children = (
				677C464826AD184A00954DD9 /* WatchListViewController.swift */,
				677C465D26AD199600954DD9 /* NewsViewController.swift */,
				677C465F26AD19A500954DD9 /* SearchResultsViewController.swift */,
				677C466126AD19BD00954DD9 /* StockDetailsViewController.swift */,
			);
			path = Controllers;
			sourceTree = "<group>";
		};
		677C465B26AD18BD00954DD9 /* Managers */ = {
			isa = PBXGroup;
			children = (
				67A9D0D926AE76FF00B6CBA2 /* APICaller.swift */,
				67A9D0DB26AE774800B6CBA2 /* PersistenceManager.swift */,
				67A9D0DD26AE778B00B6CBA2 /* HapticsManager.swift */,
			);
			path = Managers;
			sourceTree = "<group>";
		};
		677C465C26AD18C700954DD9 /* Other */ = {
			isa = PBXGroup;
			children = (
				677C464D26AD184B00954DD9 /* Assets.xcassets */,
				677C464426AD184A00954DD9 /* AppDelegate.swift */,
				677C464626AD184A00954DD9 /* SceneDelegate.swift */,
				67D4C6C126C1855400186786 /* Extensions.swift */,
			);
			path = Other;
			sourceTree = "<group>";
		};
		F05FE2D3990613F667AB19B4 /* Frameworks */ = {
			isa = PBXGroup;
			children = (
				102F1EBA3A87700C6DBA3E56 /* Pods_Stocks.framework */,
			);
			name = Frameworks;
			sourceTree = "<group>";
		};
/* End PBXGroup section */

/* Begin PBXNativeTarget section */
		677C464026AD184A00954DD9 /* Stocks */ = {
			isa = PBXNativeTarget;
			buildConfigurationList = 677C465526AD184B00954DD9 /* Build configuration list for PBXNativeTarget "Stocks" */;
			buildPhases = (
				0E4FD7E6DD0187F7F5ABB35C /* [CP] Check Pods Manifest.lock */,
				677C463D26AD184A00954DD9 /* Sources */,
				677C463E26AD184A00954DD9 /* Frameworks */,
				677C463F26AD184A00954DD9 /* Resources */,
				7235A36BD31B7C77C87CC74D /* [CP] Embed Pods Frameworks */,
			);
			buildRules = (
			);
			dependencies = (
			);
			name = Stocks;
			productName = Stocks;
			productReference = 677C464126AD184A00954DD9 /* Stocks.app */;
			productType = "com.apple.product-type.application";
		};
/* End PBXNativeTarget section */

/* Begin PBXProject section */
		677C463926AD184A00954DD9 /* Project object */ = {
			isa = PBXProject;
			attributes = {
				LastSwiftUpdateCheck = 1250;
				LastUpgradeCheck = 1250;
				TargetAttributes = {
					677C464026AD184A00954DD9 = {
						CreatedOnToolsVersion = 12.5.1;
					};
				};
			};
			buildConfigurationList = 677C463C26AD184A00954DD9 /* Build configuration list for PBXProject "Stocks" */;
			compatibilityVersion = "Xcode 9.3";
			developmentRegion = en;
			hasScannedForEncodings = 0;
			knownRegions = (
				en,
				Base,
			);
			mainGroup = 677C463826AD184A00954DD9;
			productRefGroup = 677C464226AD184A00954DD9 /* Products */;
			projectDirPath = "";
			projectRoot = "";
			targets = (
				677C464026AD184A00954DD9 /* Stocks */,
			);
		};
/* End PBXProject section */

/* Begin PBXResourcesBuildPhase section */
		677C463F26AD184A00954DD9 /* Resources */ = {
			isa = PBXResourcesBuildPhase;
			buildActionMask = 2147483647;
			files = (
				677C465126AD184B00954DD9 /* LaunchScreen.storyboard in Resources */,
				677C464E26AD184B00954DD9 /* Assets.xcassets in Resources */,
			);
			runOnlyForDeploymentPostprocessing = 0;
		};
/* End PBXResourcesBuildPhase section */

/* Begin PBXShellScriptBuildPhase section */
		0E4FD7E6DD0187F7F5ABB35C /* [CP] Check Pods Manifest.lock */ = {
			isa = PBXShellScriptBuildPhase;
			buildActionMask = 2147483647;
			files = (
			);
			inputFileListPaths = (
			);
			inputPaths = (
				"${PODS_PODFILE_DIR_PATH}/Podfile.lock",
				"${PODS_ROOT}/Manifest.lock",
			);
			name = "[CP] Check Pods Manifest.lock";
			outputFileListPaths = (
			);
			outputPaths = (
				"$(DERIVED_FILE_DIR)/Pods-Stocks-checkManifestLockResult.txt",
			);
			runOnlyForDeploymentPostprocessing = 0;
			shellPath = /bin/sh;
			shellScript = "diff \"${PODS_PODFILE_DIR_PATH}/Podfile.lock\" \"${PODS_ROOT}/Manifest.lock\" > /dev/null\nif [ $? != 0 ] ; then\n    # print error to STDERR\n    echo \"error: The sandbox is not in sync with the Podfile.lock. Run 'pod install' or update your CocoaPods installation.\" >&2\n    exit 1\nfi\n# This output is used by Xcode 'outputs' to avoid re-running this script phase.\necho \"SUCCESS\" > \"${SCRIPT_OUTPUT_FILE_0}\"\n";
			showEnvVarsInLog = 0;
		};
		7235A36BD31B7C77C87CC74D /* [CP] Embed Pods Frameworks */ = {
			isa = PBXShellScriptBuildPhase;
			buildActionMask = 2147483647;
			files = (
			);
			inputFileListPaths = (
				"${PODS_ROOT}/Target Support Files/Pods-Stocks/Pods-Stocks-frameworks-${CONFIGURATION}-input-files.xcfilelist",
			);
			name = "[CP] Embed Pods Frameworks";
			outputFileListPaths = (
				"${PODS_ROOT}/Target Support Files/Pods-Stocks/Pods-Stocks-frameworks-${CONFIGURATION}-output-files.xcfilelist",
			);
			runOnlyForDeploymentPostprocessing = 0;
			shellPath = /bin/sh;
			shellScript = "\"${PODS_ROOT}/Target Support Files/Pods-Stocks/Pods-Stocks-frameworks.sh\"\n";
			showEnvVarsInLog = 0;
		};
/* End PBXShellScriptBuildPhase section */

/* Begin PBXSourcesBuildPhase section */
		677C463D26AD184A00954DD9 /* Sources */ = {
			isa = PBXSourcesBuildPhase;
			buildActionMask = 2147483647;
			files = (
				67D7F43D26D8A8EE00A2FBF6 /* MarketDataResponse.swift in Sources */,
				67A9D0DE26AE778B00B6CBA2 /* HapticsManager.swift in Sources */,
				6797958D26F931AF00A73897 /* MetricCollectionViewCell.swift in Sources */,
				67D4C6C426C1BA3800186786 /* SearchResultTableViewCell.swift in Sources */,
				677C466226AD19BD00954DD9 /* StockDetailsViewController.swift in Sources */,
				677C465E26AD199600954DD9 /* NewsViewController.swift in Sources */,
				6797958926F52B6900A73897 /* FinancialMetricsResponse.swift in Sources */,
				677C464926AD184A00954DD9 /* WatchListViewController.swift in Sources */,
				67A9D0DC26AE774800B6CBA2 /* PersistenceManager.swift in Sources */,
				67D7F43926D3522800A2FBF6 /* NewsStory.swift in Sources */,
				67D4C6C226C1855400186786 /* Extensions.swift in Sources */,
				67D7F43B26D5597A00A2FBF6 /* NewsStoryTableViewCell.swift in Sources */,
				67BF0ECA26DDD5F0005C5BE4 /* StockChartView.swift in Sources */,
				67D4C6C626C331A900186786 /* SearchResonse.swift in Sources */,
				67A9D0DA26AE76FF00B6CBA2 /* APICaller.swift in Sources */,
				67D7F43726D0663300A2FBF6 /* NewsHeaderView.swift in Sources */,
				677C464526AD184A00954DD9 /* AppDelegate.swift in Sources */,
				677C464726AD184A00954DD9 /* SceneDelegate.swift in Sources */,
				6797958B26F53B9C00A73897 /* StockDetailHeaderView.swift in Sources */,
				67BF0EC826DDD24B005C5BE4 /* WatchListTableViewCell.swift in Sources */,
				677C466026AD19A500954DD9 /* SearchResultsViewController.swift in Sources */,
			);
			runOnlyForDeploymentPostprocessing = 0;
		};
/* End PBXSourcesBuildPhase section */

/* Begin PBXVariantGroup section */
		677C464F26AD184B00954DD9 /* LaunchScreen.storyboard */ = {
			isa = PBXVariantGroup;
			children = (
				677C465026AD184B00954DD9 /* Base */,
			);
			name = LaunchScreen.storyboard;
			sourceTree = "<group>";
		};
/* End PBXVariantGroup section */

/* Begin XCBuildConfiguration section */
		677C465326AD184B00954DD9 /* Debug */ = {
			isa = XCBuildConfiguration;
			buildSettings = {
				ALWAYS_SEARCH_USER_PATHS = NO;
				CLANG_ANALYZER_NONNULL = YES;
				CLANG_ANALYZER_NUMBER_OBJECT_CONVERSION = YES_AGGRESSIVE;
				CLANG_CXX_LANGUAGE_STANDARD = "gnu++14";
				CLANG_CXX_LIBRARY = "libc++";
				CLANG_ENABLE_MODULES = YES;
				CLANG_ENABLE_OBJC_ARC = YES;
				CLANG_ENABLE_OBJC_WEAK = YES;
				CLANG_WARN_BLOCK_CAPTURE_AUTORELEASING = YES;
				CLANG_WARN_BOOL_CONVERSION = YES;
				CLANG_WARN_COMMA = YES;
				CLANG_WARN_CONSTANT_CONVERSION = YES;
				CLANG_WARN_DEPRECATED_OBJC_IMPLEMENTATIONS = YES;
				CLANG_WARN_DIRECT_OBJC_ISA_USAGE = YES_ERROR;
				CLANG_WARN_DOCUMENTATION_COMMENTS = YES;
				CLANG_WARN_EMPTY_BODY = YES;
				CLANG_WARN_ENUM_CONVERSION = YES;
				CLANG_WARN_INFINITE_RECURSION = YES;
				CLANG_WARN_INT_CONVERSION = YES;
				CLANG_WARN_NON_LITERAL_NULL_CONVERSION = YES;
				CLANG_WARN_OBJC_IMPLICIT_RETAIN_SELF = YES;
				CLANG_WARN_OBJC_LITERAL_CONVERSION = YES;
				CLANG_WARN_OBJC_ROOT_CLASS = YES_ERROR;
				CLANG_WARN_QUOTED_INCLUDE_IN_FRAMEWORK_HEADER = YES;
				CLANG_WARN_RANGE_LOOP_ANALYSIS = YES;
				CLANG_WARN_STRICT_PROTOTYPES = YES;
				CLANG_WARN_SUSPICIOUS_MOVE = YES;
				CLANG_WARN_UNGUARDED_AVAILABILITY = YES_AGGRESSIVE;
				CLANG_WARN_UNREACHABLE_CODE = YES;
				CLANG_WARN__DUPLICATE_METHOD_MATCH = YES;
				COPY_PHASE_STRIP = NO;
				DEBUG_INFORMATION_FORMAT = dwarf;
				ENABLE_STRICT_OBJC_MSGSEND = YES;
				ENABLE_TESTABILITY = YES;
				GCC_C_LANGUAGE_STANDARD = gnu11;
				GCC_DYNAMIC_NO_PIC = NO;
				GCC_NO_COMMON_BLOCKS = YES;
				GCC_OPTIMIZATION_LEVEL = 0;
				GCC_PREPROCESSOR_DEFINITIONS = (
					"DEBUG=1",
					"$(inherited)",
				);
				GCC_WARN_64_TO_32_BIT_CONVERSION = YES;
				GCC_WARN_ABOUT_RETURN_TYPE = YES_ERROR;
				GCC_WARN_UNDECLARED_SELECTOR = YES;
				GCC_WARN_UNINITIALIZED_AUTOS = YES_AGGRESSIVE;
				GCC_WARN_UNUSED_FUNCTION = YES;
				GCC_WARN_UNUSED_VARIABLE = YES;
				IPHONEOS_DEPLOYMENT_TARGET = 14.5;
				MTL_ENABLE_DEBUG_INFO = INCLUDE_SOURCE;
				MTL_FAST_MATH = YES;
				ONLY_ACTIVE_ARCH = YES;
				SDKROOT = iphoneos;
				SWIFT_ACTIVE_COMPILATION_CONDITIONS = DEBUG;
				SWIFT_OPTIMIZATION_LEVEL = "-Onone";
			};
			name = Debug;
		};
		677C465426AD184B00954DD9 /* Release */ = {
			isa = XCBuildConfiguration;
			buildSettings = {
				ALWAYS_SEARCH_USER_PATHS = NO;
				CLANG_ANALYZER_NONNULL = YES;
				CLANG_ANALYZER_NUMBER_OBJECT_CONVERSION = YES_AGGRESSIVE;
				CLANG_CXX_LANGUAGE_STANDARD = "gnu++14";
				CLANG_CXX_LIBRARY = "libc++";
				CLANG_ENABLE_MODULES = YES;
				CLANG_ENABLE_OBJC_ARC = YES;
				CLANG_ENABLE_OBJC_WEAK = YES;
				CLANG_WARN_BLOCK_CAPTURE_AUTORELEASING = YES;
				CLANG_WARN_BOOL_CONVERSION = YES;
				CLANG_WARN_COMMA = YES;
				CLANG_WARN_CONSTANT_CONVERSION = YES;
				CLANG_WARN_DEPRECATED_OBJC_IMPLEMENTATIONS = YES;
				CLANG_WARN_DIRECT_OBJC_ISA_USAGE = YES_ERROR;
				CLANG_WARN_DOCUMENTATION_COMMENTS = YES;
				CLANG_WARN_EMPTY_BODY = YES;
				CLANG_WARN_ENUM_CONVERSION = YES;
				CLANG_WARN_INFINITE_RECURSION = YES;
				CLANG_WARN_INT_CONVERSION = YES;
				CLANG_WARN_NON_LITERAL_NULL_CONVERSION = YES;
				CLANG_WARN_OBJC_IMPLICIT_RETAIN_SELF = YES;
				CLANG_WARN_OBJC_LITERAL_CONVERSION = YES;
				CLANG_WARN_OBJC_ROOT_CLASS = YES_ERROR;
				CLANG_WARN_QUOTED_INCLUDE_IN_FRAMEWORK_HEADER = YES;
				CLANG_WARN_RANGE_LOOP_ANALYSIS = YES;
				CLANG_WARN_STRICT_PROTOTYPES = YES;
				CLANG_WARN_SUSPICIOUS_MOVE = YES;
				CLANG_WARN_UNGUARDED_AVAILABILITY = YES_AGGRESSIVE;
				CLANG_WARN_UNREACHABLE_CODE = YES;
				CLANG_WARN__DUPLICATE_METHOD_MATCH = YES;
				COPY_PHASE_STRIP = NO;
				DEBUG_INFORMATION_FORMAT = "dwarf-with-dsym";
				ENABLE_NS_ASSERTIONS = NO;
				ENABLE_STRICT_OBJC_MSGSEND = YES;
				GCC_C_LANGUAGE_STANDARD = gnu11;
				GCC_NO_COMMON_BLOCKS = YES;
				GCC_WARN_64_TO_32_BIT_CONVERSION = YES;
				GCC_WARN_ABOUT_RETURN_TYPE = YES_ERROR;
				GCC_WARN_UNDECLARED_SELECTOR = YES;
				GCC_WARN_UNINITIALIZED_AUTOS = YES_AGGRESSIVE;
				GCC_WARN_UNUSED_FUNCTION = YES;
				GCC_WARN_UNUSED_VARIABLE = YES;
				IPHONEOS_DEPLOYMENT_TARGET = 14.5;
				MTL_ENABLE_DEBUG_INFO = NO;
				MTL_FAST_MATH = YES;
				SDKROOT = iphoneos;
				SWIFT_COMPILATION_MODE = wholemodule;
				SWIFT_OPTIMIZATION_LEVEL = "-O";
				VALIDATE_PRODUCT = YES;
			};
			name = Release;
		};
		677C465626AD184B00954DD9 /* Debug */ = {
			isa = XCBuildConfiguration;
			baseConfigurationReference = E222A3BBD89E114CB7024D4C /* Pods-Stocks.debug.xcconfig */;
			buildSettings = {
				ASSETCATALOG_COMPILER_APPICON_NAME = AppIcon;
				ASSETCATALOG_COMPILER_GLOBAL_ACCENT_COLOR_NAME = AccentColor;
				CODE_SIGN_STYLE = Automatic;
				DEVELOPMENT_TEAM = L6M78ZXF68;
				INFOPLIST_FILE = Stocks/Info.plist;
				IPHONEOS_DEPLOYMENT_TARGET = 13.0;
				LD_RUNPATH_SEARCH_PATHS = (
					"$(inherited)",
					"@executable_path/Frameworks",
				);
				PRODUCT_BUNDLE_IDENTIFIER = com.anhdinh.Stocks;
				PRODUCT_NAME = "$(TARGET_NAME)";
				SWIFT_VERSION = 5.0;
				TARGETED_DEVICE_FAMILY = 1;
			};
			name = Debug;
		};
		677C465726AD184B00954DD9 /* Release */ = {
			isa = XCBuildConfiguration;
			baseConfigurationReference = 8C335262C26E01776416242A /* Pods-Stocks.release.xcconfig */;
			buildSettings = {
				ASSETCATALOG_COMPILER_APPICON_NAME = AppIcon;
				ASSETCATALOG_COMPILER_GLOBAL_ACCENT_COLOR_NAME = AccentColor;
				CODE_SIGN_STYLE = Automatic;
				DEVELOPMENT_TEAM = L6M78ZXF68;
				INFOPLIST_FILE = Stocks/Info.plist;
				IPHONEOS_DEPLOYMENT_TARGET = 13.0;
				LD_RUNPATH_SEARCH_PATHS = (
					"$(inherited)",
					"@executable_path/Frameworks",
				);
				PRODUCT_BUNDLE_IDENTIFIER = com.anhdinh.Stocks;
				PRODUCT_NAME = "$(TARGET_NAME)";
				SWIFT_VERSION = 5.0;
				TARGETED_DEVICE_FAMILY = 1;
			};
			name = Release;
		};
/* End XCBuildConfiguration section */

/* Begin XCConfigurationList section */
		677C463C26AD184A00954DD9 /* Build configuration list for PBXProject "Stocks" */ = {
			isa = XCConfigurationList;
			buildConfigurations = (
				677C465326AD184B00954DD9 /* Debug */,
				677C465426AD184B00954DD9 /* Release */,
			);
			defaultConfigurationIsVisible = 0;
			defaultConfigurationName = Release;
		};
		677C465526AD184B00954DD9 /* Build configuration list for PBXNativeTarget "Stocks" */ = {
			isa = XCConfigurationList;
			buildConfigurations = (
				677C465626AD184B00954DD9 /* Debug */,
				677C465726AD184B00954DD9 /* Release */,
			);
			defaultConfigurationIsVisible = 0;
			defaultConfigurationName = Release;
		};
/* End XCConfigurationList section */
	};
	rootObject = 677C463926AD184A00954DD9 /* Project object */;
}
